// !$*UTF8*$!
{
	archiveVersion = 1;
	classes = {
	};
	objectVersion = 50;
	objects = {

/* Begin PBXBuildFile section */
		9305FFF1269219C1005A4BAA /* WidgetKit.framework in Frameworks */ = {isa = PBXBuildFile; fileRef = 9305FFF0269219C0005A4BAA /* WidgetKit.framework */; };
		9305FFF3269219C1005A4BAA /* SwiftUI.framework in Frameworks */ = {isa = PBXBuildFile; fileRef = 9305FFF2269219C1005A4BAA /* SwiftUI.framework */; };
		9305FFF6269219C1005A4BAA /* BatteryWidget.swift in Sources */ = {isa = PBXBuildFile; fileRef = 9305FFF5269219C1005A4BAA /* BatteryWidget.swift */; };
		9305FFF9269219C6005A4BAA /* Assets.xcassets in Resources */ = {isa = PBXBuildFile; fileRef = 9305FFF8269219C6005A4BAA /* Assets.xcassets */; };
		9305FFFB269219C6005A4BAA /* BatteryWidget.intentdefinition in Sources */ = {isa = PBXBuildFile; fileRef = 9305FFF7269219C1005A4BAA /* BatteryWidget.intentdefinition */; };
		9305FFFC269219C6005A4BAA /* BatteryWidget.intentdefinition in Sources */ = {isa = PBXBuildFile; fileRef = 9305FFF7269219C1005A4BAA /* BatteryWidget.intentdefinition */; };
		9305FFFF269219C6005A4BAA /* BatteryWidgetExtension.appex in Embed App Extensions */ = {isa = PBXBuildFile; fileRef = 9305FFEE269219C0005A4BAA /* BatteryWidgetExtension.appex */; settings = {ATTRIBUTES = (RemoveHeadersOnCopy, ); }; };
		935F3B6B268DCC1F00244A7C /* BatteryApp.swift in Sources */ = {isa = PBXBuildFile; fileRef = 935F3B6A268DCC1F00244A7C /* BatteryApp.swift */; };
		935F3B6D268DCC1F00244A7C /* ContentView.swift in Sources */ = {isa = PBXBuildFile; fileRef = 935F3B6C268DCC1F00244A7C /* ContentView.swift */; };
		935F3B6F268DCC2200244A7C /* Assets.xcassets in Resources */ = {isa = PBXBuildFile; fileRef = 935F3B6E268DCC2200244A7C /* Assets.xcassets */; };
		935F3B72268DCC2200244A7C /* Preview Assets.xcassets in Resources */ = {isa = PBXBuildFile; fileRef = 935F3B71268DCC2200244A7C /* Preview Assets.xcassets */; };
		935F3B7D268DCC2200244A7C /* BatteryTests.swift in Sources */ = {isa = PBXBuildFile; fileRef = 935F3B7C268DCC2200244A7C /* BatteryTests.swift */; };
		935F3B88268DCC2200244A7C /* BatteryUITests.swift in Sources */ = {isa = PBXBuildFile; fileRef = 935F3B87268DCC2200244A7C /* BatteryUITests.swift */; };
		935F3B96268DCF6C00244A7C /* DeviceName.swift in Sources */ = {isa = PBXBuildFile; fileRef = 935F3B95268DCF6C00244A7C /* DeviceName.swift */; };
		935F3B98268DEAA700244A7C /* DeviceBattery.swift in Sources */ = {isa = PBXBuildFile; fileRef = 935F3B97268DEAA700244A7C /* DeviceBattery.swift */; };
/* End PBXBuildFile section */

/* Begin PBXContainerItemProxy section */
		9305FFFD269219C6005A4BAA /* PBXContainerItemProxy */ = {
			isa = PBXContainerItemProxy;
			containerPortal = 935F3B5F268DCC1F00244A7C /* Project object */;
			proxyType = 1;
			remoteGlobalIDString = 9305FFED269219C0005A4BAA;
			remoteInfo = BatteryWidgetExtension;
		};
		935F3B79268DCC2200244A7C /* PBXContainerItemProxy */ = {
			isa = PBXContainerItemProxy;
			containerPortal = 935F3B5F268DCC1F00244A7C /* Project object */;
			proxyType = 1;
			remoteGlobalIDString = 935F3B66268DCC1F00244A7C;
			remoteInfo = Battery;
		};
		935F3B84268DCC2200244A7C /* PBXContainerItemProxy */ = {
			isa = PBXContainerItemProxy;
			containerPortal = 935F3B5F268DCC1F00244A7C /* Project object */;
			proxyType = 1;
			remoteGlobalIDString = 935F3B66268DCC1F00244A7C;
			remoteInfo = Battery;
		};
/* End PBXContainerItemProxy section */

/* Begin PBXCopyFilesBuildPhase section */
		93050000269219C6005A4BAA /* Embed App Extensions */ = {
			isa = PBXCopyFilesBuildPhase;
			buildActionMask = 2147483647;
			dstPath = "";
			dstSubfolderSpec = 13;
			files = (
				9305FFFF269219C6005A4BAA /* BatteryWidgetExtension.appex in Embed App Extensions */,
			);
			name = "Embed App Extensions";
			runOnlyForDeploymentPostprocessing = 0;
		};
/* End PBXCopyFilesBuildPhase section */

/* Begin PBXFileReference section */
		9305FFEE269219C0005A4BAA /* BatteryWidgetExtension.appex */ = {isa = PBXFileReference; explicitFileType = "wrapper.app-extension"; includeInIndex = 0; path = BatteryWidgetExtension.appex; sourceTree = BUILT_PRODUCTS_DIR; };
		9305FFF0269219C0005A4BAA /* WidgetKit.framework */ = {isa = PBXFileReference; lastKnownFileType = wrapper.framework; name = WidgetKit.framework; path = System/Library/Frameworks/WidgetKit.framework; sourceTree = SDKROOT; };
		9305FFF2269219C1005A4BAA /* SwiftUI.framework */ = {isa = PBXFileReference; lastKnownFileType = wrapper.framework; name = SwiftUI.framework; path = System/Library/Frameworks/SwiftUI.framework; sourceTree = SDKROOT; };
		9305FFF5269219C1005A4BAA /* BatteryWidget.swift */ = {isa = PBXFileReference; lastKnownFileType = sourcecode.swift; path = BatteryWidget.swift; sourceTree = "<group>"; };
		9305FFF7269219C1005A4BAA /* BatteryWidget.intentdefinition */ = {isa = PBXFileReference; lastKnownFileType = file.intentdefinition; path = BatteryWidget.intentdefinition; sourceTree = "<group>"; };
		9305FFF8269219C6005A4BAA /* Assets.xcassets */ = {isa = PBXFileReference; lastKnownFileType = folder.assetcatalog; path = Assets.xcassets; sourceTree = "<group>"; };
		9305FFFA269219C6005A4BAA /* Info.plist */ = {isa = PBXFileReference; lastKnownFileType = text.plist.xml; path = Info.plist; sourceTree = "<group>"; };
		935F3B67268DCC1F00244A7C /* Battery.app */ = {isa = PBXFileReference; explicitFileType = wrapper.application; includeInIndex = 0; path = Battery.app; sourceTree = BUILT_PRODUCTS_DIR; };
		935F3B6A268DCC1F00244A7C /* BatteryApp.swift */ = {isa = PBXFileReference; lastKnownFileType = sourcecode.swift; path = BatteryApp.swift; sourceTree = "<group>"; };
		935F3B6C268DCC1F00244A7C /* ContentView.swift */ = {isa = PBXFileReference; lastKnownFileType = sourcecode.swift; path = ContentView.swift; sourceTree = "<group>"; };
		935F3B6E268DCC2200244A7C /* Assets.xcassets */ = {isa = PBXFileReference; lastKnownFileType = folder.assetcatalog; path = Assets.xcassets; sourceTree = "<group>"; };
		935F3B71268DCC2200244A7C /* Preview Assets.xcassets */ = {isa = PBXFileReference; lastKnownFileType = folder.assetcatalog; path = "Preview Assets.xcassets"; sourceTree = "<group>"; };
		935F3B73268DCC2200244A7C /* Info.plist */ = {isa = PBXFileReference; lastKnownFileType = text.plist.xml; path = Info.plist; sourceTree = "<group>"; };
		935F3B78268DCC2200244A7C /* BatteryTests.xctest */ = {isa = PBXFileReference; explicitFileType = wrapper.cfbundle; includeInIndex = 0; path = BatteryTests.xctest; sourceTree = BUILT_PRODUCTS_DIR; };
		935F3B7C268DCC2200244A7C /* BatteryTests.swift */ = {isa = PBXFileReference; lastKnownFileType = sourcecode.swift; path = BatteryTests.swift; sourceTree = "<group>"; };
		935F3B7E268DCC2200244A7C /* Info.plist */ = {isa = PBXFileReference; lastKnownFileType = text.plist.xml; path = Info.plist; sourceTree = "<group>"; };
		935F3B83268DCC2200244A7C /* BatteryUITests.xctest */ = {isa = PBXFileReference; explicitFileType = wrapper.cfbundle; includeInIndex = 0; path = BatteryUITests.xctest; sourceTree = BUILT_PRODUCTS_DIR; };
		935F3B87268DCC2200244A7C /* BatteryUITests.swift */ = {isa = PBXFileReference; lastKnownFileType = sourcecode.swift; path = BatteryUITests.swift; sourceTree = "<group>"; };
		935F3B89268DCC2200244A7C /* Info.plist */ = {isa = PBXFileReference; lastKnownFileType = text.plist.xml; path = Info.plist; sourceTree = "<group>"; };
		935F3B95268DCF6C00244A7C /* DeviceName.swift */ = {isa = PBXFileReference; lastKnownFileType = sourcecode.swift; path = DeviceName.swift; sourceTree = "<group>"; };
		935F3B97268DEAA700244A7C /* DeviceBattery.swift */ = {isa = PBXFileReference; lastKnownFileType = sourcecode.swift; path = DeviceBattery.swift; sourceTree = "<group>"; };
/* End PBXFileReference section */

/* Begin PBXFrameworksBuildPhase section */
		9305FFEB269219C0005A4BAA /* Frameworks */ = {
			isa = PBXFrameworksBuildPhase;
			buildActionMask = 2147483647;
			files = (
				9305FFF3269219C1005A4BAA /* SwiftUI.framework in Frameworks */,
				9305FFF1269219C1005A4BAA /* WidgetKit.framework in Frameworks */,
			);
			runOnlyForDeploymentPostprocessing = 0;
		};
		935F3B64268DCC1F00244A7C /* Frameworks */ = {
			isa = PBXFrameworksBuildPhase;
			buildActionMask = 2147483647;
			files = (
			);
			runOnlyForDeploymentPostprocessing = 0;
		};
		935F3B75268DCC2200244A7C /* Frameworks */ = {
			isa = PBXFrameworksBuildPhase;
			buildActionMask = 2147483647;
			files = (
			);
			runOnlyForDeploymentPostprocessing = 0;
		};
		935F3B80268DCC2200244A7C /* Frameworks */ = {
			isa = PBXFrameworksBuildPhase;
			buildActionMask = 2147483647;
			files = (
			);
			runOnlyForDeploymentPostprocessing = 0;
		};
/* End PBXFrameworksBuildPhase section */

/* Begin PBXGroup section */
		9305FFEF269219C0005A4BAA /* Frameworks */ = {
			isa = PBXGroup;
			children = (
				9305FFF0269219C0005A4BAA /* WidgetKit.framework */,
				9305FFF2269219C1005A4BAA /* SwiftUI.framework */,
			);
			name = Frameworks;
			sourceTree = "<group>";
		};
		9305FFF4269219C1005A4BAA /* BatteryWidget */ = {
			isa = PBXGroup;
			children = (
				9305FFF5269219C1005A4BAA /* BatteryWidget.swift */,
				9305FFF7269219C1005A4BAA /* BatteryWidget.intentdefinition */,
				9305FFF8269219C6005A4BAA /* Assets.xcassets */,
				9305FFFA269219C6005A4BAA /* Info.plist */,
			);
			path = BatteryWidget;
			sourceTree = "<group>";
		};
		935F3B5E268DCC1F00244A7C = {
			isa = PBXGroup;
			children = (
				935F3B69268DCC1F00244A7C /* Battery */,
				935F3B7B268DCC2200244A7C /* BatteryTests */,
				935F3B86268DCC2200244A7C /* BatteryUITests */,
				9305FFF4269219C1005A4BAA /* BatteryWidget */,
				9305FFEF269219C0005A4BAA /* Frameworks */,
				935F3B68268DCC1F00244A7C /* Products */,
			);
			sourceTree = "<group>";
		};
		935F3B68268DCC1F00244A7C /* Products */ = {
			isa = PBXGroup;
			children = (
				935F3B67268DCC1F00244A7C /* Battery.app */,
				935F3B78268DCC2200244A7C /* BatteryTests.xctest */,
				935F3B83268DCC2200244A7C /* BatteryUITests.xctest */,
				9305FFEE269219C0005A4BAA /* BatteryWidgetExtension.appex */,
			);
			name = Products;
			sourceTree = "<group>";
		};
		935F3B69268DCC1F00244A7C /* Battery */ = {
			isa = PBXGroup;
			children = (
				935F3B6A268DCC1F00244A7C /* BatteryApp.swift */,
				935F3B6C268DCC1F00244A7C /* ContentView.swift */,
				935F3B95268DCF6C00244A7C /* DeviceName.swift */,
				935F3B97268DEAA700244A7C /* DeviceBattery.swift */,
				935F3B6E268DCC2200244A7C /* Assets.xcassets */,
				935F3B73268DCC2200244A7C /* Info.plist */,
				935F3B70268DCC2200244A7C /* Preview Content */,
			);
			path = Battery;
			sourceTree = "<group>";
		};
		935F3B70268DCC2200244A7C /* Preview Content */ = {
			isa = PBXGroup;
			children = (
				935F3B71268DCC2200244A7C /* Preview Assets.xcassets */,
			);
			path = "Preview Content";
			sourceTree = "<group>";
		};
		935F3B7B268DCC2200244A7C /* BatteryTests */ = {
			isa = PBXGroup;
			children = (
				935F3B7C268DCC2200244A7C /* BatteryTests.swift */,
				935F3B7E268DCC2200244A7C /* Info.plist */,
			);
			path = BatteryTests;
			sourceTree = "<group>";
		};
		935F3B86268DCC2200244A7C /* BatteryUITests */ = {
			isa = PBXGroup;
			children = (
				935F3B87268DCC2200244A7C /* BatteryUITests.swift */,
				935F3B89268DCC2200244A7C /* Info.plist */,
			);
			path = BatteryUITests;
			sourceTree = "<group>";
		};
/* End PBXGroup section */

/* Begin PBXNativeTarget section */
		9305FFED269219C0005A4BAA /* BatteryWidgetExtension */ = {
			isa = PBXNativeTarget;
			buildConfigurationList = 93050003269219C6005A4BAA /* Build configuration list for PBXNativeTarget "BatteryWidgetExtension" */;
			buildPhases = (
				9305FFEA269219C0005A4BAA /* Sources */,
				9305FFEB269219C0005A4BAA /* Frameworks */,
				9305FFEC269219C0005A4BAA /* Resources */,
			);
			buildRules = (
			);
			dependencies = (
			);
			name = BatteryWidgetExtension;
			productName = BatteryWidgetExtension;
			productReference = 9305FFEE269219C0005A4BAA /* BatteryWidgetExtension.appex */;
			productType = "com.apple.product-type.app-extension";
		};
		935F3B66268DCC1F00244A7C /* Battery */ = {
			isa = PBXNativeTarget;
			buildConfigurationList = 935F3B8C268DCC2200244A7C /* Build configuration list for PBXNativeTarget "Battery" */;
			buildPhases = (
				935F3B63268DCC1F00244A7C /* Sources */,
				935F3B64268DCC1F00244A7C /* Frameworks */,
				935F3B65268DCC1F00244A7C /* Resources */,
				93050000269219C6005A4BAA /* Embed App Extensions */,
			);
			buildRules = (
			);
			dependencies = (
				9305FFFE269219C6005A4BAA /* PBXTargetDependency */,
			);
			name = Battery;
			productName = Battery;
			productReference = 935F3B67268DCC1F00244A7C /* Battery.app */;
			productType = "com.apple.product-type.application";
		};
		935F3B77268DCC2200244A7C /* BatteryTests */ = {
			isa = PBXNativeTarget;
			buildConfigurationList = 935F3B8F268DCC2200244A7C /* Build configuration list for PBXNativeTarget "BatteryTests" */;
			buildPhases = (
				935F3B74268DCC2200244A7C /* Sources */,
				935F3B75268DCC2200244A7C /* Frameworks */,
				935F3B76268DCC2200244A7C /* Resources */,
			);
			buildRules = (
			);
			dependencies = (
				935F3B7A268DCC2200244A7C /* PBXTargetDependency */,
			);
			name = BatteryTests;
			productName = BatteryTests;
			productReference = 935F3B78268DCC2200244A7C /* BatteryTests.xctest */;
			productType = "com.apple.product-type.bundle.unit-test";
		};
		935F3B82268DCC2200244A7C /* BatteryUITests */ = {
			isa = PBXNativeTarget;
			buildConfigurationList = 935F3B92268DCC2200244A7C /* Build configuration list for PBXNativeTarget "BatteryUITests" */;
			buildPhases = (
				935F3B7F268DCC2200244A7C /* Sources */,
				935F3B80268DCC2200244A7C /* Frameworks */,
				935F3B81268DCC2200244A7C /* Resources */,
			);
			buildRules = (
			);
			dependencies = (
				935F3B85268DCC2200244A7C /* PBXTargetDependency */,
			);
			name = BatteryUITests;
			productName = BatteryUITests;
			productReference = 935F3B83268DCC2200244A7C /* BatteryUITests.xctest */;
			productType = "com.apple.product-type.bundle.ui-testing";
		};
/* End PBXNativeTarget section */

/* Begin PBXProject section */
		935F3B5F268DCC1F00244A7C /* Project object */ = {
			isa = PBXProject;
			attributes = {
				LastSwiftUpdateCheck = 1250;
				LastUpgradeCheck = 1250;
				TargetAttributes = {
					9305FFED269219C0005A4BAA = {
						CreatedOnToolsVersion = 12.5.1;
					};
					935F3B66268DCC1F00244A7C = {
						CreatedOnToolsVersion = 12.5.1;
					};
					935F3B77268DCC2200244A7C = {
						CreatedOnToolsVersion = 12.5.1;
						TestTargetID = 935F3B66268DCC1F00244A7C;
					};
					935F3B82268DCC2200244A7C = {
						CreatedOnToolsVersion = 12.5.1;
						TestTargetID = 935F3B66268DCC1F00244A7C;
					};
				};
			};
			buildConfigurationList = 935F3B62268DCC1F00244A7C /* Build configuration list for PBXProject "Battery" */;
			compatibilityVersion = "Xcode 9.3";
			developmentRegion = en;
			hasScannedForEncodings = 0;
			knownRegions = (
				en,
				Base,
			);
			mainGroup = 935F3B5E268DCC1F00244A7C;
			productRefGroup = 935F3B68268DCC1F00244A7C /* Products */;
			projectDirPath = "";
			projectRoot = "";
			targets = (
				935F3B66268DCC1F00244A7C /* Battery */,
				935F3B77268DCC2200244A7C /* BatteryTests */,
				935F3B82268DCC2200244A7C /* BatteryUITests */,
				9305FFED269219C0005A4BAA /* BatteryWidgetExtension */,
			);
		};
/* End PBXProject section */

/* Begin PBXResourcesBuildPhase section */
		9305FFEC269219C0005A4BAA /* Resources */ = {
			isa = PBXResourcesBuildPhase;
			buildActionMask = 2147483647;
			files = (
				9305FFF9269219C6005A4BAA /* Assets.xcassets in Resources */,
			);
			runOnlyForDeploymentPostprocessing = 0;
		};
		935F3B65268DCC1F00244A7C /* Resources */ = {
			isa = PBXResourcesBuildPhase;
			buildActionMask = 2147483647;
			files = (
				935F3B72268DCC2200244A7C /* Preview Assets.xcassets in Resources */,
				935F3B6F268DCC2200244A7C /* Assets.xcassets in Resources */,
			);
			runOnlyForDeploymentPostprocessing = 0;
		};
		935F3B76268DCC2200244A7C /* Resources */ = {
			isa = PBXResourcesBuildPhase;
			buildActionMask = 2147483647;
			files = (
			);
			runOnlyForDeploymentPostprocessing = 0;
		};
		935F3B81268DCC2200244A7C /* Resources */ = {
			isa = PBXResourcesBuildPhase;
			buildActionMask = 2147483647;
			files = (
			);
			runOnlyForDeploymentPostprocessing = 0;
		};
/* End PBXResourcesBuildPhase section */

/* Begin PBXSourcesBuildPhase section */
		9305FFEA269219C0005A4BAA /* Sources */ = {
			isa = PBXSourcesBuildPhase;
			buildActionMask = 2147483647;
			files = (
				9305FFFB269219C6005A4BAA /* BatteryWidget.intentdefinition in Sources */,
				9305FFF6269219C1005A4BAA /* BatteryWidget.swift in Sources */,
			);
			runOnlyForDeploymentPostprocessing = 0;
		};
		935F3B63268DCC1F00244A7C /* Sources */ = {
			isa = PBXSourcesBuildPhase;
			buildActionMask = 2147483647;
			files = (
				935F3B6D268DCC1F00244A7C /* ContentView.swift in Sources */,
				935F3B98268DEAA700244A7C /* DeviceBattery.swift in Sources */,
				9305FFFC269219C6005A4BAA /* BatteryWidget.intentdefinition in Sources */,
				935F3B96268DCF6C00244A7C /* DeviceName.swift in Sources */,
				935F3B6B268DCC1F00244A7C /* BatteryApp.swift in Sources */,
			);
			runOnlyForDeploymentPostprocessing = 0;
		};
		935F3B74268DCC2200244A7C /* Sources */ = {
			isa = PBXSourcesBuildPhase;
			buildActionMask = 2147483647;
			files = (
				935F3B7D268DCC2200244A7C /* BatteryTests.swift in Sources */,
			);
			runOnlyForDeploymentPostprocessing = 0;
		};
		935F3B7F268DCC2200244A7C /* Sources */ = {
			isa = PBXSourcesBuildPhase;
			buildActionMask = 2147483647;
			files = (
				935F3B88268DCC2200244A7C /* BatteryUITests.swift in Sources */,
			);
			runOnlyForDeploymentPostprocessing = 0;
		};
/* End PBXSourcesBuildPhase section */

/* Begin PBXTargetDependency section */
		9305FFFE269219C6005A4BAA /* PBXTargetDependency */ = {
			isa = PBXTargetDependency;
			target = 9305FFED269219C0005A4BAA /* BatteryWidgetExtension */;
			targetProxy = 9305FFFD269219C6005A4BAA /* PBXContainerItemProxy */;
		};
		935F3B7A268DCC2200244A7C /* PBXTargetDependency */ = {
			isa = PBXTargetDependency;
			target = 935F3B66268DCC1F00244A7C /* Battery */;
			targetProxy = 935F3B79268DCC2200244A7C /* PBXContainerItemProxy */;
		};
		935F3B85268DCC2200244A7C /* PBXTargetDependency */ = {
			isa = PBXTargetDependency;
			target = 935F3B66268DCC1F00244A7C /* Battery */;
			targetProxy = 935F3B84268DCC2200244A7C /* PBXContainerItemProxy */;
		};
/* End PBXTargetDependency section */

/* Begin XCBuildConfiguration section */
		93050001269219C6005A4BAA /* Debug */ = {
			isa = XCBuildConfiguration;
			buildSettings = {
				ASSETCATALOG_COMPILER_GLOBAL_ACCENT_COLOR_NAME = AccentColor;
				ASSETCATALOG_COMPILER_WIDGET_BACKGROUND_COLOR_NAME = WidgetBackground;
				CODE_SIGN_STYLE = Automatic;
				DEVELOPMENT_TEAM = YY8PL3UNXA;
				INFOPLIST_FILE = BatteryWidget/Info.plist;
				LD_RUNPATH_SEARCH_PATHS = (
					"$(inherited)",
					"@executable_path/Frameworks",
					"@executable_path/../../Frameworks",
				);
				PRODUCT_BUNDLE_IDENTIFIER = Vigato.Battery.BatteryWidget;
				PRODUCT_NAME = "$(TARGET_NAME)";
				SKIP_INSTALL = YES;
				SWIFT_VERSION = 5.0;
				TARGETED_DEVICE_FAMILY = "1,2";
			};
			name = Debug;
		};
		93050002269219C6005A4BAA /* Release */ = {
			isa = XCBuildConfiguration;
			buildSettings = {
				ASSETCATALOG_COMPILER_GLOBAL_ACCENT_COLOR_NAME = AccentColor;
				ASSETCATALOG_COMPILER_WIDGET_BACKGROUND_COLOR_NAME = WidgetBackground;
				CODE_SIGN_STYLE = Automatic;
				DEVELOPMENT_TEAM = YY8PL3UNXA;
				INFOPLIST_FILE = BatteryWidget/Info.plist;
				LD_RUNPATH_SEARCH_PATHS = (
					"$(inherited)",
					"@executable_path/Frameworks",
					"@executable_path/../../Frameworks",
				);
				PRODUCT_BUNDLE_IDENTIFIER = Vigato.Battery.BatteryWidget;
				PRODUCT_NAME = "$(TARGET_NAME)";
				SKIP_INSTALL = YES;
				SWIFT_VERSION = 5.0;
				TARGETED_DEVICE_FAMILY = "1,2";
			};
			name = Release;
		};
		935F3B8A268DCC2200244A7C /* Debug */ = {
			isa = XCBuildConfiguration;
			buildSettings = {
				ALWAYS_SEARCH_USER_PATHS = NO;
				CLANG_ANALYZER_NONNULL = YES;
				CLANG_ANALYZER_NUMBER_OBJECT_CONVERSION = YES_AGGRESSIVE;
				CLANG_CXX_LANGUAGE_STANDARD = "gnu++14";
				CLANG_CXX_LIBRARY = "libc++";
				CLANG_ENABLE_MODULES = YES;
				CLANG_ENABLE_OBJC_ARC = YES;
				CLANG_ENABLE_OBJC_WEAK = YES;
				CLANG_WARN_BLOCK_CAPTURE_AUTORELEASING = YES;
				CLANG_WARN_BOOL_CONVERSION = YES;
				CLANG_WARN_COMMA = YES;
				CLANG_WARN_CONSTANT_CONVERSION = YES;
				CLANG_WARN_DEPRECATED_OBJC_IMPLEMENTATIONS = YES;
				CLANG_WARN_DIRECT_OBJC_ISA_USAGE = YES_ERROR;
				CLANG_WARN_DOCUMENTATION_COMMENTS = YES;
				CLANG_WARN_EMPTY_BODY = YES;
				CLANG_WARN_ENUM_CONVERSION = YES;
				CLANG_WARN_INFINITE_RECURSION = YES;
				CLANG_WARN_INT_CONVERSION = YES;
				CLANG_WARN_NON_LITERAL_NULL_CONVERSION = YES;
				CLANG_WARN_OBJC_IMPLICIT_RETAIN_SELF = YES;
				CLANG_WARN_OBJC_LITERAL_CONVERSION = YES;
				CLANG_WARN_OBJC_ROOT_CLASS = YES_ERROR;
				CLANG_WARN_QUOTED_INCLUDE_IN_FRAMEWORK_HEADER = YES;
				CLANG_WARN_RANGE_LOOP_ANALYSIS = YES;
				CLANG_WARN_STRICT_PROTOTYPES = YES;
				CLANG_WARN_SUSPICIOUS_MOVE = YES;
				CLANG_WARN_UNGUARDED_AVAILABILITY = YES_AGGRESSIVE;
				CLANG_WARN_UNREACHABLE_CODE = YES;
				CLANG_WARN__DUPLICATE_METHOD_MATCH = YES;
				COPY_PHASE_STRIP = NO;
				DEBUG_INFORMATION_FORMAT = dwarf;
				ENABLE_STRICT_OBJC_MSGSEND = YES;
				ENABLE_TESTABILITY = YES;
				GCC_C_LANGUAGE_STANDARD = gnu11;
				GCC_DYNAMIC_NO_PIC = NO;
				GCC_NO_COMMON_BLOCKS = YES;
				GCC_OPTIMIZATION_LEVEL = 0;
				GCC_PREPROCESSOR_DEFINITIONS = (
					"DEBUG=1",
					"$(inherited)",
				);
				GCC_WARN_64_TO_32_BIT_CONVERSION = YES;
				GCC_WARN_ABOUT_RETURN_TYPE = YES_ERROR;
				GCC_WARN_UNDECLARED_SELECTOR = YES;
				GCC_WARN_UNINITIALIZED_AUTOS = YES_AGGRESSIVE;
				GCC_WARN_UNUSED_FUNCTION = YES;
				GCC_WARN_UNUSED_VARIABLE = YES;
				IPHONEOS_DEPLOYMENT_TARGET = 14.5;
				MTL_ENABLE_DEBUG_INFO = INCLUDE_SOURCE;
				MTL_FAST_MATH = YES;
				ONLY_ACTIVE_ARCH = YES;
				SDKROOT = iphoneos;
				SWIFT_ACTIVE_COMPILATION_CONDITIONS = DEBUG;
				SWIFT_OPTIMIZATION_LEVEL = "-Onone";
			};
			name = Debug;
		};
		935F3B8B268DCC2200244A7C /* Release */ = {
			isa = XCBuildConfiguration;
			buildSettings = {
				ALWAYS_SEARCH_USER_PATHS = NO;
				CLANG_ANALYZER_NONNULL = YES;
				CLANG_ANALYZER_NUMBER_OBJECT_CONVERSION = YES_AGGRESSIVE;
				CLANG_CXX_LANGUAGE_STANDARD = "gnu++14";
				CLANG_CXX_LIBRARY = "libc++";
				CLANG_ENABLE_MODULES = YES;
				CLANG_ENABLE_OBJC_ARC = YES;
				CLANG_ENABLE_OBJC_WEAK = YES;
				CLANG_WARN_BLOCK_CAPTURE_AUTORELEASING = YES;
				CLANG_WARN_BOOL_CONVERSION = YES;
				CLANG_WARN_COMMA = YES;
				CLANG_WARN_CONSTANT_CONVERSION = YES;
				CLANG_WARN_DEPRECATED_OBJC_IMPLEMENTATIONS = YES;
				CLANG_WARN_DIRECT_OBJC_ISA_USAGE = YES_ERROR;
				CLANG_WARN_DOCUMENTATION_COMMENTS = YES;
				CLANG_WARN_EMPTY_BODY = YES;
				CLANG_WARN_ENUM_CONVERSION = YES;
				CLANG_WARN_INFINITE_RECURSION = YES;
				CLANG_WARN_INT_CONVERSION = YES;
				CLANG_WARN_NON_LITERAL_NULL_CONVERSION = YES;
				CLANG_WARN_OBJC_IMPLICIT_RETAIN_SELF = YES;
				CLANG_WARN_OBJC_LITERAL_CONVERSION = YES;
				CLANG_WARN_OBJC_ROOT_CLASS = YES_ERROR;
				CLANG_WARN_QUOTED_INCLUDE_IN_FRAMEWORK_HEADER = YES;
				CLANG_WARN_RANGE_LOOP_ANALYSIS = YES;
				CLANG_WARN_STRICT_PROTOTYPES = YES;
				CLANG_WARN_SUSPICIOUS_MOVE = YES;
				CLANG_WARN_UNGUARDED_AVAILABILITY = YES_AGGRESSIVE;
				CLANG_WARN_UNREACHABLE_CODE = YES;
				CLANG_WARN__DUPLICATE_METHOD_MATCH = YES;
				COPY_PHASE_STRIP = NO;
				DEBUG_INFORMATION_FORMAT = "dwarf-with-dsym";
				ENABLE_NS_ASSERTIONS = NO;
				ENABLE_STRICT_OBJC_MSGSEND = YES;
				GCC_C_LANGUAGE_STANDARD = gnu11;
				GCC_NO_COMMON_BLOCKS = YES;
				GCC_WARN_64_TO_32_BIT_CONVERSION = YES;
				GCC_WARN_ABOUT_RETURN_TYPE = YES_ERROR;
				GCC_WARN_UNDECLARED_SELECTOR = YES;
				GCC_WARN_UNINITIALIZED_AUTOS = YES_AGGRESSIVE;
				GCC_WARN_UNUSED_FUNCTION = YES;
				GCC_WARN_UNUSED_VARIABLE = YES;
				IPHONEOS_DEPLOYMENT_TARGET = 14.5;
				MTL_ENABLE_DEBUG_INFO = NO;
				MTL_FAST_MATH = YES;
				SDKROOT = iphoneos;
				SWIFT_COMPILATION_MODE = wholemodule;
				SWIFT_OPTIMIZATION_LEVEL = "-O";
				VALIDATE_PRODUCT = YES;
			};
			name = Release;
		};
		935F3B8D268DCC2200244A7C /* Debug */ = {
			isa = XCBuildConfiguration;
			buildSettings = {
				ALWAYS_EMBED_SWIFT_STANDARD_LIBRARIES = YES;
				ASSETCATALOG_COMPILER_APPICON_NAME = AppIcon;
				ASSETCATALOG_COMPILER_GLOBAL_ACCENT_COLOR_NAME = AccentColor;
				CODE_SIGN_STYLE = Automatic;
				DEVELOPMENT_ASSET_PATHS = "\"Battery/Preview Content\"";
				DEVELOPMENT_TEAM = YY8PL3UNXA;
				ENABLE_PREVIEWS = YES;
				INFOPLIST_FILE = Battery/Info.plist;
				IPHONEOS_DEPLOYMENT_TARGET = 14.0;
				LD_RUNPATH_SEARCH_PATHS = (
					"$(inherited)",
					"@executable_path/Frameworks",
				);
				PRODUCT_BUNDLE_IDENTIFIER = Vigato.Battery;
				PRODUCT_NAME = "$(TARGET_NAME)";
				SWIFT_VERSION = 5.0;
				TARGETED_DEVICE_FAMILY = "1,2";
			};
			name = Debug;
		};
		935F3B8E268DCC2200244A7C /* Release */ = {
			isa = XCBuildConfiguration;
			buildSettings = {
				ALWAYS_EMBED_SWIFT_STANDARD_LIBRARIES = YES;
				ASSETCATALOG_COMPILER_APPICON_NAME = AppIcon;
				ASSETCATALOG_COMPILER_GLOBAL_ACCENT_COLOR_NAME = AccentColor;
				CODE_SIGN_STYLE = Automatic;
				DEVELOPMENT_ASSET_PATHS = "\"Battery/Preview Content\"";
				DEVELOPMENT_TEAM = YY8PL3UNXA;
				ENABLE_PREVIEWS = YES;
				INFOPLIST_FILE = Battery/Info.plist;
				IPHONEOS_DEPLOYMENT_TARGET = 14.0;
				LD_RUNPATH_SEARCH_PATHS = (
					"$(inherited)",
					"@executable_path/Frameworks",
				);
				PRODUCT_BUNDLE_IDENTIFIER = Vigato.Battery;
				PRODUCT_NAME = "$(TARGET_NAME)";
				SWIFT_VERSION = 5.0;
				TARGETED_DEVICE_FAMILY = "1,2";
			};
			name = Release;
		};
		935F3B90268DCC2200244A7C /* Debug */ = {
			isa = XCBuildConfiguration;
			buildSettings = {
				ALWAYS_EMBED_SWIFT_STANDARD_LIBRARIES = YES;
				BUNDLE_LOADER = "$(TEST_HOST)";
				CODE_SIGN_STYLE = Automatic;
				DEVELOPMENT_TEAM = YY8PL3UNXA;
				INFOPLIST_FILE = BatteryTests/Info.plist;
				IPHONEOS_DEPLOYMENT_TARGET = 14.0;
				LD_RUNPATH_SEARCH_PATHS = (
					"$(inherited)",
					"@executable_path/Frameworks",
					"@loader_path/Frameworks",
				);
				PRODUCT_BUNDLE_IDENTIFIER = Vigato.BatteryTests;
				PRODUCT_NAME = "$(TARGET_NAME)";
				SWIFT_VERSION = 5.0;
				TARGETED_DEVICE_FAMILY = "1,2";
				TEST_HOST = "$(BUILT_PRODUCTS_DIR)/Battery.app/Battery";
			};
			name = Debug;
		};
		935F3B91268DCC2200244A7C /* Release */ = {
			isa = XCBuildConfiguration;
			buildSettings = {
				ALWAYS_EMBED_SWIFT_STANDARD_LIBRARIES = YES;
				BUNDLE_LOADER = "$(TEST_HOST)";
				CODE_SIGN_STYLE = Automatic;
				DEVELOPMENT_TEAM = YY8PL3UNXA;
				INFOPLIST_FILE = BatteryTests/Info.plist;
				IPHONEOS_DEPLOYMENT_TARGET = 14.0;
				LD_RUNPATH_SEARCH_PATHS = (
					"$(inherited)",
					"@executable_path/Frameworks",
					"@loader_path/Frameworks",
				);
				PRODUCT_BUNDLE_IDENTIFIER = Vigato.BatteryTests;
				PRODUCT_NAME = "$(TARGET_NAME)";
				SWIFT_VERSION = 5.0;
				TARGETED_DEVICE_FAMILY = "1,2";
				TEST_HOST = "$(BUILT_PRODUCTS_DIR)/Battery.app/Battery";
			};
			name = Release;
		};
		935F3B93268DCC2200244A7C /* Debug */ = {
			isa = XCBuildConfiguration;
			buildSettings = {
				ALWAYS_EMBED_SWIFT_STANDARD_LIBRARIES = YES;
				CODE_SIGN_STYLE = Automatic;
				DEVELOPMENT_TEAM = YY8PL3UNXA;
				INFOPLIST_FILE = BatteryUITests/Info.plist;
				LD_RUNPATH_SEARCH_PATHS = (
					"$(inherited)",
					"@executable_path/Frameworks",
					"@loader_path/Frameworks",
				);
				PRODUCT_BUNDLE_IDENTIFIER = Vigato.BatteryUITests;
				PRODUCT_NAME = "$(TARGET_NAME)";
				SWIFT_VERSION = 5.0;
				TARGETED_DEVICE_FAMILY = "1,2";
				TEST_TARGET_NAME = Battery;
			};
			name = Debug;
		};
		935F3B94268DCC2200244A7C /* Release */ = {
			isa = XCBuildConfiguration;
			buildSettings = {
				ALWAYS_EMBED_SWIFT_STANDARD_LIBRARIES = YES;
				CODE_SIGN_STYLE = Automatic;
				DEVELOPMENT_TEAM = YY8PL3UNXA;
				INFOPLIST_FILE = BatteryUITests/Info.plist;
				LD_RUNPATH_SEARCH_PATHS = (
					"$(inherited)",
					"@executable_path/Frameworks",
					"@loader_path/Frameworks",
				);
				PRODUCT_BUNDLE_IDENTIFIER = Vigato.BatteryUITests;
				PRODUCT_NAME = "$(TARGET_NAME)";
				SWIFT_VERSION = 5.0;
				TARGETED_DEVICE_FAMILY = "1,2";
				TEST_TARGET_NAME = Battery;
			};
			name = Release;
		};
/* End XCBuildConfiguration section */

/* Begin XCConfigurationList section */
		93050003269219C6005A4BAA /* Build configuration list for PBXNativeTarget "BatteryWidgetExtension" */ = {
			isa = XCConfigurationList;
			buildConfigurations = (
				93050001269219C6005A4BAA /* Debug */,
				93050002269219C6005A4BAA /* Release */,
			);
			defaultConfigurationIsVisible = 0;
			defaultConfigurationName = Release;
		};
		935F3B62268DCC1F00244A7C /* Build configuration list for PBXProject "Battery" */ = {
			isa = XCConfigurationList;
			buildConfigurations = (
				935F3B8A268DCC2200244A7C /* Debug */,
				935F3B8B268DCC2200244A7C /* Release */,
			);
			defaultConfigurationIsVisible = 0;
			defaultConfigurationName = Release;
		};
		935F3B8C268DCC2200244A7C /* Build configuration list for PBXNativeTarget "Battery" */ = {
			isa = XCConfigurationList;
			buildConfigurations = (
				935F3B8D268DCC2200244A7C /* Debug */,
				935F3B8E268DCC2200244A7C /* Release */,
			);
			defaultConfigurationIsVisible = 0;
			defaultConfigurationName = Release;
		};
		935F3B8F268DCC2200244A7C /* Build configuration list for PBXNativeTarget "BatteryTests" */ = {
			isa = XCConfigurationList;
			buildConfigurations = (
				935F3B90268DCC2200244A7C /* Debug */,
				935F3B91268DCC2200244A7C /* Release */,
			);
			defaultConfigurationIsVisible = 0;
			defaultConfigurationName = Release;
		};
		935F3B92268DCC2200244A7C /* Build configuration list for PBXNativeTarget "BatteryUITests" */ = {
			isa = XCConfigurationList;
			buildConfigurations = (
				935F3B93268DCC2200244A7C /* Debug */,
				935F3B94268DCC2200244A7C /* Release */,
			);
			defaultConfigurationIsVisible = 0;
			defaultConfigurationName = Release;
		};
/* End XCConfigurationList section */
	};
	rootObject = 935F3B5F268DCC1F00244A7C /* Project object */;
}
